github.com/DATA-DOG/go-sqlmock v1.3.3 h1:CWUqKXe0s8A2z6qCgkP4Kru7wC11YoAnoupUKFDnH08=
github.com/DATA-DOG/go-sqlmock v1.3.3/go.mod h1:f/Ixk793poVmq4qj/V1dPUg2JEAKC73Q5eFN3EC/SaM=
github.com/blang/semver v3.5.1+incompatible h1:cQNTCjp13qL8KC3Nbxr/y2Bqb63oX6wdnnjpJbkM4JQ=
github.com/blang/semver v3.5.1+incompatible/go.mod h1:kRBLl5iJ+tD4TcOOxsy/0fnwebNt5EWlYSAyrTnjyyk=
github.com/dchest/uniuri v0.0.0-20160212164326-8902c56451e9 h1:74lLNRzvsdIlkTgfDSMuaPjBr4cf6k7pwQQANm/yLKU=
github.com/dchest/uniuri v0.0.0-20160212164326-8902c56451e9/go.mod h1:GgB8SF9nRG+GqaDtLcwJZsQFhcogVCJ79j4EdT0c2V4=
github.com/lib/pq v1.2.0 h1:LXpIM/LZ5xGFhOpXAQUIMM1HdyqzVYM13zNdjCEEcA0=
github.com/lib/pq v1.2.0/go.mod h1:5WUZQaWbwv1U+lTReE5YruASi9Al49XbQIvNi/34Woo=
github.com/swithek/sessionup v0.0.0-20190729051446-db5a591526a6 h1:7z9KzG1vtOzQDAuTYj2Qo43w1FEjcZTs8Va8PG3yqm8=
github.com/swithek/sessionup v0.0.0-20190729051446-db5a591526a6/go.mod h1:2Hw9qm+mH/p/6dEwqYeQl9pee8rqjrYDTJ2XhET9Oyg=
xojoc.pw/useragent v0.0.0-20170215185434-52903803fc66 h1:j5PlwzvW29USBoG/MvJPT5kDvX+0+lVLlOdnujOlN94=
xojoc.pw/useragent v0.0.0-20170215185434-52903803fc66/go.mod h1:71om/Qz9HbIEjbUrkrzmJiF26FSh6tcwqSFdBBkLtJQ=
